// !$*UTF8*$!
{
	archiveVersion = 1;
	classes = {
	};
	objectVersion = 77;
	objects = {

/* Begin PBXBuildFile section */
		460CAB162F42BC8C001E0406 /* WidgetKit.framework in Frameworks */ = {isa = PBXBuildFile; fileRef = 460CAB152F42BC8C001E0406 /* WidgetKit.framework */; };
		460CAB182F42BC8C001E0406 /* SwiftUI.framework in Frameworks */ = {isa = PBXBuildFile; fileRef = 460CAB172F42BC8C001E0406 /* SwiftUI.framework */; };
		460CAB272F42BC8D001E0406 /* LunarVWidgetExtension.appex in Embed Foundation Extensions */ = {isa = PBXBuildFile; fileRef = 460CAB132F42BC8C001E0406 /* LunarVWidgetExtension.appex */; settings = {ATTRIBUTES = (RemoveHeadersOnCopy, ); }; };
		46439CC92F45E5BB00CC42E0 /* Sparkle in Frameworks */ = {isa = PBXBuildFile; productRef = 46439CC82F45E5BB00CC42E0 /* Sparkle */; };
		46CF02F92F4306BF007E6849 /* LunarV.icon in Resources */ = {isa = PBXBuildFile; fileRef = 46CF02F82F4306BF007E6849 /* LunarV.icon */; };
		46CF02FA2F4306BF007E6849 /* LunarV.icon in Resources */ = {isa = PBXBuildFile; fileRef = 46CF02F82F4306BF007E6849 /* LunarV.icon */; };
		47A100012F50000000AAA001 /* XCTest.framework in Frameworks */ = {isa = PBXBuildFile; fileRef = 47A100032F50000000AAA001 /* XCTest.framework */; };
/* End PBXBuildFile section */

/* Begin PBXContainerItemProxy section */
		460CAB252F42BC8D001E0406 /* PBXContainerItemProxy */ = {
			isa = PBXContainerItemProxy;
			containerPortal = 462A57432F424D1000853CB4 /* Project object */;
			proxyType = 1;
			remoteGlobalIDString = 460CAB122F42BC8C001E0406;
			remoteInfo = LunarVWidgetExtension;
		};
		47A100042F50000000AAA001 /* PBXContainerItemProxy */ = {
			isa = PBXContainerItemProxy;
			containerPortal = 462A57432F424D1000853CB4 /* Project object */;
			proxyType = 1;
			remoteGlobalIDString = 462A574A2F424D1000853CB4;
			remoteInfo = LunarV;
		};
/* End PBXContainerItemProxy section */

/* Begin PBXCopyFilesBuildPhase section */
		460CAB2C2F42BC8D001E0406 /* Embed Foundation Extensions */ = {
			isa = PBXCopyFilesBuildPhase;
			buildActionMask = 2147483647;
			dstPath = "";
			dstSubfolderSpec = 13;
			files = (
				460CAB272F42BC8D001E0406 /* LunarVWidgetExtension.appex in Embed Foundation Extensions */,
			);
			name = "Embed Foundation Extensions";
			runOnlyForDeploymentPostprocessing = 0;
		};
/* End PBXCopyFilesBuildPhase section */

/* Begin PBXFileReference section */
		460CAB132F42BC8C001E0406 /* LunarVWidgetExtension.appex */ = {isa = PBXFileReference; explicitFileType = "wrapper.app-extension"; includeInIndex = 0; path = LunarVWidgetExtension.appex; sourceTree = BUILT_PRODUCTS_DIR; };
		460CAB152F42BC8C001E0406 /* WidgetKit.framework */ = {isa = PBXFileReference; lastKnownFileType = wrapper.framework; name = WidgetKit.framework; path = System/Library/Frameworks/WidgetKit.framework; sourceTree = SDKROOT; };
		460CAB172F42BC8C001E0406 /* SwiftUI.framework */ = {isa = PBXFileReference; lastKnownFileType = wrapper.framework; name = SwiftUI.framework; path = System/Library/Frameworks/SwiftUI.framework; sourceTree = SDKROOT; };
		462A574B2F424D1000853CB4 /* LunarV.app */ = {isa = PBXFileReference; explicitFileType = wrapper.application; includeInIndex = 0; path = LunarV.app; sourceTree = BUILT_PRODUCTS_DIR; };
		46CF02F82F4306BF007E6849 /* LunarV.icon */ = {isa = PBXFileReference; lastKnownFileType = folder.iconcomposer.icon; path = LunarV.icon; sourceTree = "<group>"; };
		47A100022F50000000AAA001 /* LunarVTests.xctest */ = {isa = PBXFileReference; explicitFileType = wrapper.cfbundle; includeInIndex = 0; path = LunarVTests.xctest; sourceTree = BUILT_PRODUCTS_DIR; };
		47A100032F50000000AAA001 /* XCTest.framework */ = {isa = PBXFileReference; lastKnownFileType = wrapper.framework; name = XCTest.framework; path = System/Library/Frameworks/XCTest.framework; sourceTree = SDKROOT; };
/* End PBXFileReference section */

/* Begin PBXFileSystemSynchronizedBuildFileExceptionSet section */
		460CAB282F42BC8D001E0406 /* Exceptions for "LunarVWidget" folder in "LunarVWidgetExtension" target */ = {
			isa = PBXFileSystemSynchronizedBuildFileExceptionSet;
			membershipExceptions = (
				Info.plist,
			);
			target = 460CAB122F42BC8C001E0406 /* LunarVWidgetExtension */;
		};
		46C334612F48A0F300F84627 /* Exceptions for "LunarV" folder in "LunarV" target */ = {
			isa = PBXFileSystemSynchronizedBuildFileExceptionSet;
			membershipExceptions = (
				Info.plist,
			);
			target = 462A574A2F424D1000853CB4 /* LunarV */;
		};
/* End PBXFileSystemSynchronizedBuildFileExceptionSet section */

/* Begin PBXFileSystemSynchronizedRootGroup section */
		460CAB192F42BC8C001E0406 /* LunarVWidget */ = {
			isa = PBXFileSystemSynchronizedRootGroup;
			exceptions = (
				460CAB282F42BC8D001E0406 /* Exceptions for "LunarVWidget" folder in "LunarVWidgetExtension" target */,
			);
			path = LunarVWidget;
			sourceTree = "<group>";
		};
		462A574D2F424D1000853CB4 /* LunarV */ = {
			isa = PBXFileSystemSynchronizedRootGroup;
			exceptions = (
				46C334612F48A0F300F84627 /* Exceptions for "LunarV" folder in "LunarV" target */,
			);
			path = LunarV;
			sourceTree = "<group>";
		};
		46D5A8D92F43A2A200853CB4 /* LunarV/Core/LunarCalendar */ = {
			isa = PBXFileSystemSynchronizedRootGroup;
			path = LunarV/Core/LunarCalendar;
			sourceTree = "<group>";
		};
		47A100052F50000000AAA001 /* LunarVTests */ = {
			isa = PBXFileSystemSynchronizedRootGroup;
			path = LunarVTests;
			sourceTree = "<group>";
		};
/* End PBXFileSystemSynchronizedRootGroup section */

/* Begin PBXFrameworksBuildPhase section */
		460CAB102F42BC8C001E0406 /* Frameworks */ = {
			isa = PBXFrameworksBuildPhase;
			buildActionMask = 2147483647;
			files = (
				460CAB182F42BC8C001E0406 /* SwiftUI.framework in Frameworks */,
				460CAB162F42BC8C001E0406 /* WidgetKit.framework in Frameworks */,
			);
			runOnlyForDeploymentPostprocessing = 0;
		};
		462A57482F424D1000853CB4 /* Frameworks */ = {
			isa = PBXFrameworksBuildPhase;
			buildActionMask = 2147483647;
			files = (
				46439CC92F45E5BB00CC42E0 /* Sparkle in Frameworks */,
			);
			runOnlyForDeploymentPostprocessing = 0;
		};
		47A100062F50000000AAA001 /* Frameworks */ = {
			isa = PBXFrameworksBuildPhase;
			buildActionMask = 2147483647;
			files = (
				47A100012F50000000AAA001 /* XCTest.framework in Frameworks */,
			);
			runOnlyForDeploymentPostprocessing = 0;
		};
/* End PBXFrameworksBuildPhase section */

/* Begin PBXGroup section */
		460CAB142F42BC8C001E0406 /* Frameworks */ = {
			isa = PBXGroup;
			children = (
				460CAB152F42BC8C001E0406 /* WidgetKit.framework */,
				460CAB172F42BC8C001E0406 /* SwiftUI.framework */,
				47A100032F50000000AAA001 /* XCTest.framework */,
			);
			name = Frameworks;
			sourceTree = "<group>";
		};
		462A57422F424D1000853CB4 = {
			isa = PBXGroup;
			children = (
				46CF02F82F4306BF007E6849 /* LunarV.icon */,
				462A574D2F424D1000853CB4 /* LunarV */,
				460CAB192F42BC8C001E0406 /* LunarVWidget */,
				47A100052F50000000AAA001 /* LunarVTests */,
				460CAB142F42BC8C001E0406 /* Frameworks */,
				462A574C2F424D1000853CB4 /* Products */,
				46CE6E2C2F42C1D600115810 /* Recovered References */,
			);
			sourceTree = "<group>";
		};
		462A574C2F424D1000853CB4 /* Products */ = {
			isa = PBXGroup;
			children = (
				462A574B2F424D1000853CB4 /* LunarV.app */,
				460CAB132F42BC8C001E0406 /* LunarVWidgetExtension.appex */,
				47A100022F50000000AAA001 /* LunarVTests.xctest */,
			);
			name = Products;
			sourceTree = "<group>";
		};
		46CE6E2C2F42C1D600115810 /* Recovered References */ = {
			isa = PBXGroup;
			children = (
				46D5A8D92F43A2A200853CB4 /* LunarV/Core/LunarCalendar */,
			);
			name = "Recovered References";
			sourceTree = "<group>";
		};
/* End PBXGroup section */

/* Begin PBXNativeTarget section */
		460CAB122F42BC8C001E0406 /* LunarVWidgetExtension */ = {
			isa = PBXNativeTarget;
			buildConfigurationList = 460CAB292F42BC8D001E0406 /* Build configuration list for PBXNativeTarget "LunarVWidgetExtension" */;
			buildPhases = (
				460CAB0F2F42BC8C001E0406 /* Sources */,
				460CAB102F42BC8C001E0406 /* Frameworks */,
				460CAB112F42BC8C001E0406 /* Resources */,
			);
			buildRules = (
			);
			dependencies = (
			);
			fileSystemSynchronizedGroups = (
				460CAB192F42BC8C001E0406 /* LunarVWidget */,
				46D5A8D92F43A2A200853CB4 /* LunarV/Core/LunarCalendar */,
			);
			name = LunarVWidgetExtension;
			packageProductDependencies = (
			);
			productName = LunarVWidgetExtension;
			productReference = 460CAB132F42BC8C001E0406 /* LunarVWidgetExtension.appex */;
			productType = "com.apple.product-type.app-extension";
		};
		462A574A2F424D1000853CB4 /* LunarV */ = {
			isa = PBXNativeTarget;
			buildConfigurationList = 462A57562F424D1100853CB4 /* Build configuration list for PBXNativeTarget "LunarV" */;
			buildPhases = (
				462A57472F424D1000853CB4 /* Sources */,
				462A57482F424D1000853CB4 /* Frameworks */,
				462A57492F424D1000853CB4 /* Resources */,
				4B1900012F60000100A0B0C0 /* Inject Sparkle Vietnamese Localization */,
				460CAB2C2F42BC8D001E0406 /* Embed Foundation Extensions */,
			);
			buildRules = (
			);
			dependencies = (
				460CAB262F42BC8D001E0406 /* PBXTargetDependency */,
			);
			fileSystemSynchronizedGroups = (
				462A574D2F424D1000853CB4 /* LunarV */,
			);
			name = LunarV;
			packageProductDependencies = (
				46439CC82F45E5BB00CC42E0 /* Sparkle */,
			);
			productName = LunarV;
			productReference = 462A574B2F424D1000853CB4 /* LunarV.app */;
			productType = "com.apple.product-type.application";
		};
		47A100072F50000000AAA001 /* LunarVTests */ = {
			isa = PBXNativeTarget;
			buildConfigurationList = 47A1000D2F50000000AAA001 /* Build configuration list for PBXNativeTarget "LunarVTests" */;
			buildPhases = (
				47A100092F50000000AAA001 /* Sources */,
				47A100062F50000000AAA001 /* Frameworks */,
				47A100082F50000000AAA001 /* Resources */,
			);
			buildRules = (
			);
			dependencies = (
				47A1000A2F50000000AAA001 /* PBXTargetDependency */,
			);
			fileSystemSynchronizedGroups = (
				47A100052F50000000AAA001 /* LunarVTests */,
			);
			name = LunarVTests;
			packageProductDependencies = (
			);
			productName = LunarVTests;
			productReference = 47A100022F50000000AAA001 /* LunarVTests.xctest */;
			productType = "com.apple.product-type.bundle.unit-test";
		};
/* End PBXNativeTarget section */

/* Begin PBXProject section */
		462A57432F424D1000853CB4 /* Project object */ = {
			isa = PBXProject;
			attributes = {
				BuildIndependentTargetsInParallel = 1;
				LastSwiftUpdateCheck = 2620;
				LastUpgradeCheck = 2620;
				TargetAttributes = {
					460CAB122F42BC8C001E0406 = {
						CreatedOnToolsVersion = 26.2;
					};
					462A574A2F424D1000853CB4 = {
						CreatedOnToolsVersion = 26.2;
					};
					47A100072F50000000AAA001 = {
						CreatedOnToolsVersion = 26.2;
						TestTargetID = 462A574A2F424D1000853CB4;
					};
				};
			};
			buildConfigurationList = 462A57462F424D1000853CB4 /* Build configuration list for PBXProject "LunarV" */;
			developmentRegion = en;
			hasScannedForEncodings = 0;
			knownRegions = (
				en,
				Base,
				vi,
			);
			mainGroup = 462A57422F424D1000853CB4;
			minimizedProjectReferenceProxies = 1;
			packageReferences = (
				46439CC72F45E5BB00CC42E0 /* XCRemoteSwiftPackageReference "Sparkle" */,
			);
			preferredProjectObjectVersion = 77;
			productRefGroup = 462A574C2F424D1000853CB4 /* Products */;
			projectDirPath = "";
			projectRoot = "";
			targets = (
				462A574A2F424D1000853CB4 /* LunarV */,
				460CAB122F42BC8C001E0406 /* LunarVWidgetExtension */,
				47A100072F50000000AAA001 /* LunarVTests */,
			);
		};
/* End PBXProject section */

/* Begin PBXResourcesBuildPhase section */
		460CAB112F42BC8C001E0406 /* Resources */ = {
			isa = PBXResourcesBuildPhase;
			buildActionMask = 2147483647;
			files = (
				46CF02F92F4306BF007E6849 /* LunarV.icon in Resources */,
			);
			runOnlyForDeploymentPostprocessing = 0;
		};
		462A57492F424D1000853CB4 /* Resources */ = {
			isa = PBXResourcesBuildPhase;
			buildActionMask = 2147483647;
			files = (
				46CF02FA2F4306BF007E6849 /* LunarV.icon in Resources */,
			);
			runOnlyForDeploymentPostprocessing = 0;
		};
		47A100082F50000000AAA001 /* Resources */ = {
			isa = PBXResourcesBuildPhase;
			buildActionMask = 2147483647;
			files = (
			);
			runOnlyForDeploymentPostprocessing = 0;
		};
/* End PBXResourcesBuildPhase section */

/* Begin PBXShellScriptBuildPhase section */
		4B1900012F60000100A0B0C0 /* Inject Sparkle Vietnamese Localization */ = {
			isa = PBXShellScriptBuildPhase;
			buildActionMask = 2147483647;
			files = (
			);
			inputPaths = (
				"$(SRCROOT)/LunarV/Localization/Sparkle/vi.lproj/Sparkle.strings",
			);
			name = "Inject Sparkle Vietnamese Localization";
			outputPaths = (
				"$(TARGET_BUILD_DIR)/$(FRAMEWORKS_FOLDER_PATH)/Sparkle.framework/Versions/B/Resources/vi.lproj/Sparkle.strings",
			);
			runOnlyForDeploymentPostprocessing = 0;
			shellPath = /bin/sh;
			shellScript = "set -euo pipefail\n\nSOURCE_STRINGS=\"${SRCROOT}/LunarV/Localization/Sparkle/vi.lproj/Sparkle.strings\"\nSPARKLE_FRAMEWORK=\"${TARGET_BUILD_DIR}/${FRAMEWORKS_FOLDER_PATH}/Sparkle.framework\"\nSPARKLE_RESOURCES_DIR=\"${SPARKLE_FRAMEWORK}/Versions/B/Resources\"\nTARGET_DIR=\"${SPARKLE_RESOURCES_DIR}/vi.lproj\"\n\nif [ ! -f \"$SOURCE_STRINGS\" ]; then\n  echo \"warning: Missing Vietnamese Sparkle localization at $SOURCE_STRINGS\"\n  exit 0\nfi\n\nif [ ! -d \"$SPARKLE_RESOURCES_DIR\" ]; then\n  echo \"warning: Sparkle.framework resources not found at $SPARKLE_RESOURCES_DIR\"\n  exit 0\nfi\n\nmkdir -p \"$TARGET_DIR\"\ncp \"$SOURCE_STRINGS\" \"$TARGET_DIR/Sparkle.strings\"\n\nif [ \"${CODE_SIGNING_ALLOWED:-NO}\" = \"YES\" ]; then\n  if [ -n \"${EXPANDED_CODE_SIGN_IDENTITY:-}\" ] && [ \"${EXPANDED_CODE_SIGN_IDENTITY}\" != \"-\" ]; then\n    /usr/bin/codesign --force --sign \"${EXPANDED_CODE_SIGN_IDENTITY}\" ${OTHER_CODE_SIGN_FLAGS:-} --preserve-metadata=identifier,entitlements,flags \"$SPARKLE_FRAMEWORK\"\n  else\n    echo \"warning: CODE_SIGNING_ALLOWED=YES but EXPANDED_CODE_SIGN_IDENTITY is empty; skipping Sparkle re-sign\"\n  fi\nfi\n";
		};
/* End PBXShellScriptBuildPhase section */

/* Begin PBXSourcesBuildPhase section */
		460CAB0F2F42BC8C001E0406 /* Sources */ = {
			isa = PBXSourcesBuildPhase;
			buildActionMask = 2147483647;
			files = (
			);
			runOnlyForDeploymentPostprocessing = 0;
		};
		462A57472F424D1000853CB4 /* Sources */ = {
			isa = PBXSourcesBuildPhase;
			buildActionMask = 2147483647;
			files = (
			);
			runOnlyForDeploymentPostprocessing = 0;
		};
		47A100092F50000000AAA001 /* Sources */ = {
			isa = PBXSourcesBuildPhase;
			buildActionMask = 2147483647;
			files = (
			);
			runOnlyForDeploymentPostprocessing = 0;
		};
/* End PBXSourcesBuildPhase section */

/* Begin PBXTargetDependency section */
		460CAB262F42BC8D001E0406 /* PBXTargetDependency */ = {
			isa = PBXTargetDependency;
			target = 460CAB122F42BC8C001E0406 /* LunarVWidgetExtension */;
			targetProxy = 460CAB252F42BC8D001E0406 /* PBXContainerItemProxy */;
		};
		47A1000A2F50000000AAA001 /* PBXTargetDependency */ = {
			isa = PBXTargetDependency;
			target = 462A574A2F424D1000853CB4 /* LunarV */;
			targetProxy = 47A100042F50000000AAA001 /* PBXContainerItemProxy */;
		};
/* End PBXTargetDependency section */

/* Begin XCBuildConfiguration section */
		460CAB2A2F42BC8D001E0406 /* Debug */ = {
			isa = XCBuildConfiguration;
			buildSettings = {
				ASSETCATALOG_COMPILER_GLOBAL_ACCENT_COLOR_NAME = AccentColor;
				ASSETCATALOG_COMPILER_WIDGET_BACKGROUND_COLOR_NAME = WidgetBackground;
				CODE_SIGN_STYLE = Automatic;
				CURRENT_PROJECT_VERSION = 1;
				DEVELOPMENT_TEAM = F9XPW22T8M;
				ENABLE_APP_SANDBOX = YES;
				ENABLE_HARDENED_RUNTIME = YES;
				GENERATE_INFOPLIST_FILE = YES;
				INFOPLIST_FILE = LunarVWidget/Info.plist;
				INFOPLIST_KEY_CFBundleDisplayName = LunarVWidget;
				INFOPLIST_KEY_NSHumanReadableCopyright = "";
				LD_RUNPATH_SEARCH_PATHS = (
					"$(inherited)",
					"@executable_path/../Frameworks",
					"@executable_path/../../../../Frameworks",
				);
				MACOSX_DEPLOYMENT_TARGET = 26.2;
				MARKETING_VERSION = 1.0;
				PRODUCT_BUNDLE_IDENTIFIER = phamhungtien.LunarV.LunarVWidget;
				PRODUCT_NAME = "$(TARGET_NAME)";
				SKIP_INSTALL = YES;
				STRING_CATALOG_GENERATE_SYMBOLS = YES;
				SWIFT_APPROACHABLE_CONCURRENCY = YES;
				SWIFT_EMIT_LOC_STRINGS = YES;
				SWIFT_UPCOMING_FEATURE_MEMBER_IMPORT_VISIBILITY = YES;
				SWIFT_VERSION = 5.0;
			};
			name = Debug;
		};
		460CAB2B2F42BC8D001E0406 /* Release */ = {
			isa = XCBuildConfiguration;
			buildSettings = {
				ASSETCATALOG_COMPILER_GLOBAL_ACCENT_COLOR_NAME = AccentColor;
				ASSETCATALOG_COMPILER_WIDGET_BACKGROUND_COLOR_NAME = WidgetBackground;
				CODE_SIGN_STYLE = Automatic;
				CURRENT_PROJECT_VERSION = 1;
				DEVELOPMENT_TEAM = F9XPW22T8M;
				ENABLE_APP_SANDBOX = YES;
				ENABLE_HARDENED_RUNTIME = YES;
				GENERATE_INFOPLIST_FILE = YES;
				INFOPLIST_FILE = LunarVWidget/Info.plist;
				INFOPLIST_KEY_CFBundleDisplayName = LunarVWidget;
				INFOPLIST_KEY_NSHumanReadableCopyright = "";
				LD_RUNPATH_SEARCH_PATHS = (
					"$(inherited)",
					"@executable_path/../Frameworks",
					"@executable_path/../../../../Frameworks",
				);
				MACOSX_DEPLOYMENT_TARGET = 26.2;
				MARKETING_VERSION = 1.0;
				PRODUCT_BUNDLE_IDENTIFIER = phamhungtien.LunarV.LunarVWidget;
				PRODUCT_NAME = "$(TARGET_NAME)";
				SKIP_INSTALL = YES;
				STRING_CATALOG_GENERATE_SYMBOLS = YES;
				SWIFT_APPROACHABLE_CONCURRENCY = YES;
				SWIFT_EMIT_LOC_STRINGS = YES;
				SWIFT_UPCOMING_FEATURE_MEMBER_IMPORT_VISIBILITY = YES;
				SWIFT_VERSION = 5.0;
			};
			name = Release;
		};
		462A57542F424D1100853CB4 /* Debug */ = {
			isa = XCBuildConfiguration;
			buildSettings = {
				ALWAYS_SEARCH_USER_PATHS = NO;
				ASSETCATALOG_COMPILER_GENERATE_SWIFT_ASSET_SYMBOL_EXTENSIONS = YES;
				CLANG_ANALYZER_NONNULL = YES;
				CLANG_ANALYZER_NUMBER_OBJECT_CONVERSION = YES_AGGRESSIVE;
				CLANG_CXX_LANGUAGE_STANDARD = "gnu++20";
				CLANG_ENABLE_MODULES = YES;
				CLANG_ENABLE_OBJC_ARC = YES;
				CLANG_ENABLE_OBJC_WEAK = YES;
				CLANG_WARN_BLOCK_CAPTURE_AUTORELEASING = YES;
				CLANG_WARN_BOOL_CONVERSION = YES;
				CLANG_WARN_COMMA = YES;
				CLANG_WARN_CONSTANT_CONVERSION = YES;
				CLANG_WARN_DEPRECATED_OBJC_IMPLEMENTATIONS = YES;
				CLANG_WARN_DIRECT_OBJC_ISA_USAGE = YES_ERROR;
				CLANG_WARN_DOCUMENTATION_COMMENTS = YES;
				CLANG_WARN_EMPTY_BODY = YES;
				CLANG_WARN_ENUM_CONVERSION = YES;
				CLANG_WARN_INFINITE_RECURSION = YES;
				CLANG_WARN_INT_CONVERSION = YES;
				CLANG_WARN_NON_LITERAL_NULL_CONVERSION = YES;
				CLANG_WARN_OBJC_IMPLICIT_RETAIN_SELF = YES;
				CLANG_WARN_OBJC_LITERAL_CONVERSION = YES;
				CLANG_WARN_OBJC_ROOT_CLASS = YES_ERROR;
				CLANG_WARN_QUOTED_INCLUDE_IN_FRAMEWORK_HEADER = YES;
				CLANG_WARN_RANGE_LOOP_ANALYSIS = YES;
				CLANG_WARN_STRICT_PROTOTYPES = YES;
				CLANG_WARN_SUSPICIOUS_MOVE = YES;
				CLANG_WARN_UNGUARDED_AVAILABILITY = YES_AGGRESSIVE;
				CLANG_WARN_UNREACHABLE_CODE = YES;
				CLANG_WARN__DUPLICATE_METHOD_MATCH = YES;
				COPY_PHASE_STRIP = NO;
				DEBUG_INFORMATION_FORMAT = dwarf;
				DEVELOPMENT_TEAM = F9XPW22T8M;
				ENABLE_STRICT_OBJC_MSGSEND = YES;
				ENABLE_TESTABILITY = YES;
				ENABLE_USER_SCRIPT_SANDBOXING = YES;
				GCC_C_LANGUAGE_STANDARD = gnu17;
				GCC_DYNAMIC_NO_PIC = NO;
				GCC_NO_COMMON_BLOCKS = YES;
				GCC_OPTIMIZATION_LEVEL = 0;
				GCC_PREPROCESSOR_DEFINITIONS = (
					"DEBUG=1",
					"$(inherited)",
				);
				GCC_WARN_64_TO_32_BIT_CONVERSION = YES;
				GCC_WARN_ABOUT_RETURN_TYPE = YES_ERROR;
				GCC_WARN_UNDECLARED_SELECTOR = YES;
				GCC_WARN_UNINITIALIZED_AUTOS = YES_AGGRESSIVE;
				GCC_WARN_UNUSED_FUNCTION = YES;
				GCC_WARN_UNUSED_VARIABLE = YES;
				LOCALIZATION_PREFERS_STRING_CATALOGS = YES;
				MACOSX_DEPLOYMENT_TARGET = 26.2;
				MTL_ENABLE_DEBUG_INFO = INCLUDE_SOURCE;
				MTL_FAST_MATH = YES;
				ONLY_ACTIVE_ARCH = YES;
				SDKROOT = macosx;
				SWIFT_ACTIVE_COMPILATION_CONDITIONS = "DEBUG $(inherited)";
				SWIFT_OPTIMIZATION_LEVEL = "-Onone";
			};
			name = Debug;
		};
		462A57552F424D1100853CB4 /* Release */ = {
			isa = XCBuildConfiguration;
			buildSettings = {
				ALWAYS_SEARCH_USER_PATHS = NO;
				ASSETCATALOG_COMPILER_GENERATE_SWIFT_ASSET_SYMBOL_EXTENSIONS = YES;
				CLANG_ANALYZER_NONNULL = YES;
				CLANG_ANALYZER_NUMBER_OBJECT_CONVERSION = YES_AGGRESSIVE;
				CLANG_CXX_LANGUAGE_STANDARD = "gnu++20";
				CLANG_ENABLE_MODULES = YES;
				CLANG_ENABLE_OBJC_ARC = YES;
				CLANG_ENABLE_OBJC_WEAK = YES;
				CLANG_WARN_BLOCK_CAPTURE_AUTORELEASING = YES;
				CLANG_WARN_BOOL_CONVERSION = YES;
				CLANG_WARN_COMMA = YES;
				CLANG_WARN_CONSTANT_CONVERSION = YES;
				CLANG_WARN_DEPRECATED_OBJC_IMPLEMENTATIONS = YES;
				CLANG_WARN_DIRECT_OBJC_ISA_USAGE = YES_ERROR;
				CLANG_WARN_DOCUMENTATION_COMMENTS = YES;
				CLANG_WARN_EMPTY_BODY = YES;
				CLANG_WARN_ENUM_CONVERSION = YES;
				CLANG_WARN_INFINITE_RECURSION = YES;
				CLANG_WARN_INT_CONVERSION = YES;
				CLANG_WARN_NON_LITERAL_NULL_CONVERSION = YES;
				CLANG_WARN_OBJC_IMPLICIT_RETAIN_SELF = YES;
				CLANG_WARN_OBJC_LITERAL_CONVERSION = YES;
				CLANG_WARN_OBJC_ROOT_CLASS = YES_ERROR;
				CLANG_WARN_QUOTED_INCLUDE_IN_FRAMEWORK_HEADER = YES;
				CLANG_WARN_RANGE_LOOP_ANALYSIS = YES;
				CLANG_WARN_STRICT_PROTOTYPES = YES;
				CLANG_WARN_SUSPICIOUS_MOVE = YES;
				CLANG_WARN_UNGUARDED_AVAILABILITY = YES_AGGRESSIVE;
				CLANG_WARN_UNREACHABLE_CODE = YES;
				CLANG_WARN__DUPLICATE_METHOD_MATCH = YES;
				COPY_PHASE_STRIP = NO;
				DEBUG_INFORMATION_FORMAT = "dwarf-with-dsym";
				DEVELOPMENT_TEAM = F9XPW22T8M;
				ENABLE_NS_ASSERTIONS = NO;
				ENABLE_STRICT_OBJC_MSGSEND = YES;
				ENABLE_USER_SCRIPT_SANDBOXING = YES;
				GCC_C_LANGUAGE_STANDARD = gnu17;
				GCC_NO_COMMON_BLOCKS = YES;
				GCC_WARN_64_TO_32_BIT_CONVERSION = YES;
				GCC_WARN_ABOUT_RETURN_TYPE = YES_ERROR;
				GCC_WARN_UNDECLARED_SELECTOR = YES;
				GCC_WARN_UNINITIALIZED_AUTOS = YES_AGGRESSIVE;
				GCC_WARN_UNUSED_FUNCTION = YES;
				GCC_WARN_UNUSED_VARIABLE = YES;
				LOCALIZATION_PREFERS_STRING_CATALOGS = YES;
				MACOSX_DEPLOYMENT_TARGET = 26.2;
				MTL_ENABLE_DEBUG_INFO = NO;
				MTL_FAST_MATH = YES;
				SDKROOT = macosx;
				SWIFT_COMPILATION_MODE = wholemodule;
			};
			name = Release;
		};
		462A57572F424D1100853CB4 /* Debug */ = {
			isa = XCBuildConfiguration;
			buildSettings = {
				ASSETCATALOG_COMPILER_APPICON_NAME = LunarV;
				ASSETCATALOG_COMPILER_GLOBAL_ACCENT_COLOR_NAME = AccentColor;
				CODE_SIGN_ENTITLEMENTS = LunarV/LunarV.entitlements;
				CODE_SIGN_STYLE = Automatic;
				COMBINE_HIDPI_IMAGES = YES;
				CURRENT_PROJECT_VERSION = 1;
				DEVELOPMENT_TEAM = F9XPW22T8M;
				ENABLE_HARDENED_RUNTIME = YES;
				ENABLE_PREVIEWS = YES;
				GENERATE_INFOPLIST_FILE = NO;
				INFOPLIST_FILE = LunarV/Info.plist;
				INFOPLIST_KEY_LSApplicationCategoryType = "public.app-category.utilities";
				LD_RUNPATH_SEARCH_PATHS = (
					"$(inherited)",
					"@executable_path/../Frameworks",
				);
				MACOSX_DEPLOYMENT_TARGET = 15.0;
				MARKETING_VERSION = 1.0;
				PRODUCT_BUNDLE_IDENTIFIER = phamhungtien.LunarV;
				PRODUCT_NAME = "$(TARGET_NAME)";
				REGISTER_APP_GROUPS = YES;
				STRING_CATALOG_GENERATE_SYMBOLS = YES;
				SWIFT_APPROACHABLE_CONCURRENCY = YES;
				SWIFT_DEFAULT_ACTOR_ISOLATION = MainActor;
				SWIFT_EMIT_LOC_STRINGS = YES;
				SWIFT_UPCOMING_FEATURE_MEMBER_IMPORT_VISIBILITY = YES;
				SWIFT_VERSION = 5.0;
			};
			name = Debug;
		};
		462A57582F424D1100853CB4 /* Release */ = {
			isa = XCBuildConfiguration;
			buildSettings = {
				ASSETCATALOG_COMPILER_APPICON_NAME = LunarV;
				ASSETCATALOG_COMPILER_GLOBAL_ACCENT_COLOR_NAME = AccentColor;
				CODE_SIGN_ENTITLEMENTS = LunarV/LunarV.entitlements;
				CODE_SIGN_STYLE = Automatic;
				COMBINE_HIDPI_IMAGES = YES;
				CURRENT_PROJECT_VERSION = 1;
				DEVELOPMENT_TEAM = F9XPW22T8M;
				ENABLE_HARDENED_RUNTIME = YES;
				ENABLE_PREVIEWS = YES;
				GENERATE_INFOPLIST_FILE = NO;
				INFOPLIST_FILE = LunarV/Info.plist;
				INFOPLIST_KEY_LSApplicationCategoryType = "public.app-category.utilities";
				LD_RUNPATH_SEARCH_PATHS = (
					"$(inherited)",
					"@executable_path/../Frameworks",
				);
				MACOSX_DEPLOYMENT_TARGET = 15.0;
				MARKETING_VERSION = 1.0;
				PRODUCT_BUNDLE_IDENTIFIER = phamhungtien.LunarV;
				PRODUCT_NAME = "$(TARGET_NAME)";
				REGISTER_APP_GROUPS = YES;
				STRING_CATALOG_GENERATE_SYMBOLS = YES;
				SWIFT_APPROACHABLE_CONCURRENCY = YES;
				SWIFT_DEFAULT_ACTOR_ISOLATION = MainActor;
				SWIFT_EMIT_LOC_STRINGS = YES;
				SWIFT_UPCOMING_FEATURE_MEMBER_IMPORT_VISIBILITY = YES;
				SWIFT_VERSION = 5.0;
			};
			name = Release;
		};
		47A1000B2F50000000AAA001 /* Debug */ = {
			isa = XCBuildConfiguration;
			buildSettings = {
				BUNDLE_LOADER = "$(TEST_HOST)";
				CODE_SIGN_STYLE = Automatic;
				CURRENT_PROJECT_VERSION = 1;
				DEVELOPMENT_TEAM = F9XPW22T8M;
				GENERATE_INFOPLIST_FILE = YES;
				MACOSX_DEPLOYMENT_TARGET = 15.0;
				MARKETING_VERSION = 1.0;
				PRODUCT_BUNDLE_IDENTIFIER = phamhungtien.LunarVTests;
				PRODUCT_NAME = "$(TARGET_NAME)";
				SWIFT_ACTIVE_COMPILATION_CONDITIONS = "DEBUG $(inherited)";
				SWIFT_OPTIMIZATION_LEVEL = "-Onone";
				SWIFT_VERSION = 5.0;
				TEST_HOST = "$(BUILT_PRODUCTS_DIR)/LunarV.app/Contents/MacOS/LunarV";
				TEST_TARGET_NAME = LunarV;
			};
			name = Debug;
		};
		47A1000C2F50000000AAA001 /* Release */ = {
			isa = XCBuildConfiguration;
			buildSettings = {
				BUNDLE_LOADER = "$(TEST_HOST)";
				CODE_SIGN_STYLE = Automatic;
				CURRENT_PROJECT_VERSION = 1;
				DEVELOPMENT_TEAM = F9XPW22T8M;
				GENERATE_INFOPLIST_FILE = YES;
				MACOSX_DEPLOYMENT_TARGET = 15.0;
				MARKETING_VERSION = 1.0;
				PRODUCT_BUNDLE_IDENTIFIER = phamhungtien.LunarVTests;
				PRODUCT_NAME = "$(TARGET_NAME)";
				SWIFT_COMPILATION_MODE = wholemodule;
				SWIFT_VERSION = 5.0;
				TEST_HOST = "$(BUILT_PRODUCTS_DIR)/LunarV.app/Contents/MacOS/LunarV";
				TEST_TARGET_NAME = LunarV;
			};
			name = Release;
		};
/* End XCBuildConfiguration section */

/* Begin XCConfigurationList section */
		460CAB292F42BC8D001E0406 /* Build configuration list for PBXNativeTarget "LunarVWidgetExtension" */ = {
			isa = XCConfigurationList;
			buildConfigurations = (
				460CAB2A2F42BC8D001E0406 /* Debug */,
				460CAB2B2F42BC8D001E0406 /* Release */,
			);
			defaultConfigurationIsVisible = 0;
			defaultConfigurationName = Release;
		};
		462A57462F424D1000853CB4 /* Build configuration list for PBXProject "LunarV" */ = {
			isa = XCConfigurationList;
			buildConfigurations = (
				462A57542F424D1100853CB4 /* Debug */,
				462A57552F424D1100853CB4 /* Release */,
			);
			defaultConfigurationIsVisible = 0;
			defaultConfigurationName = Release;
		};
		462A57562F424D1100853CB4 /* Build configuration list for PBXNativeTarget "LunarV" */ = {
			isa = XCConfigurationList;
			buildConfigurations = (
				462A57572F424D1100853CB4 /* Debug */,
				462A57582F424D1100853CB4 /* Release */,
			);
			defaultConfigurationIsVisible = 0;
			defaultConfigurationName = Release;
		};
		47A1000D2F50000000AAA001 /* Build configuration list for PBXNativeTarget "LunarVTests" */ = {
			isa = XCConfigurationList;
			buildConfigurations = (
				47A1000B2F50000000AAA001 /* Debug */,
				47A1000C2F50000000AAA001 /* Release */,
			);
			defaultConfigurationIsVisible = 0;
			defaultConfigurationName = Release;
		};
/* End XCConfigurationList section */

/* Begin XCRemoteSwiftPackageReference section */
		46439CC72F45E5BB00CC42E0 /* XCRemoteSwiftPackageReference "Sparkle" */ = {
			isa = XCRemoteSwiftPackageReference;
			repositoryURL = "https://github.com/sparkle-project/Sparkle";
			requirement = {
				kind = upToNextMajorVersion;
				minimumVersion = 2.8.1;
			};
		};
/* End XCRemoteSwiftPackageReference section */

/* Begin XCSwiftPackageProductDependency section */
		46439CC82F45E5BB00CC42E0 /* Sparkle */ = {
			isa = XCSwiftPackageProductDependency;
			package = 46439CC72F45E5BB00CC42E0 /* XCRemoteSwiftPackageReference "Sparkle" */;
			productName = Sparkle;
		};
/* End XCSwiftPackageProductDependency section */
	};
	rootObject = 462A57432F424D1000853CB4 /* Project object */;
}
